<?xml version="1.0" encoding="UTF-8"?>
<!DOCTYPE plist PUBLIC "-//Apple//DTD PLIST 1.0//EN" "http://www.apple.com/DTDs/PropertyList-1.0.dtd">
<plist version="1.0">
<dict>
	<key>archiveVersion</key>
	<string>1</string>
	<key>classes</key>
	<dict/>
	<key>objectVersion</key>
	<string>46</string>
	<key>objects</key>
	<dict>
		<key>22EA2F45EE8F4BFE9D9AE4DF</key>
		<dict>
			<key>fileRef</key>
			<string>EF75F98384E448F887006AB5</string>
			<key>isa</key>
			<string>PBXBuildFile</string>
		</dict>
		<key>31CAA7E591C940559339E88B</key>
		<dict>
			<key>buildActionMask</key>
			<string>2147483647</string>
			<key>files</key>
			<array/>
			<key>inputPaths</key>
			<array/>
			<key>isa</key>
			<string>PBXShellScriptBuildPhase</string>
			<key>name</key>
			<string>Check Pods Manifest.lock</string>
			<key>outputPaths</key>
			<array/>
			<key>runOnlyForDeploymentPostprocessing</key>
			<string>0</string>
			<key>shellPath</key>
			<string>/bin/sh</string>
			<key>shellScript</key>
			<string>diff "${PODS_ROOT}/../Podfile.lock" "${PODS_ROOT}/Manifest.lock" &gt; /dev/null
if [[ $? != 0 ]] ; then
    cat &lt;&lt; EOM
error: The sandbox is not in sync with the Podfile.lock. Run 'pod install' or update your CocoaPods installation.
EOM
    exit 1
fi
</string>
			<key>showEnvVarsInLog</key>
			<string>0</string>
		</dict>
		<key>401F71447EDE497DABE6D499</key>
		<dict>
			<key>includeInIndex</key>
			<string>1</string>
			<key>isa</key>
			<string>PBXFileReference</string>
			<key>lastKnownFileType</key>
			<string>text.xcconfig</string>
			<key>name</key>
			<string>Pods.xcconfig</string>
			<key>path</key>
			<string>Pods/Pods.xcconfig</string>
			<key>sourceTree</key>
			<string>&lt;group&gt;</string>
		</dict>
		<key>AA2204BE68BD49A1BEF1E3BC</key>
		<dict>
			<key>buildActionMask</key>
			<string>2147483647</string>
			<key>files</key>
			<array/>
			<key>inputPaths</key>
			<array/>
			<key>isa</key>
			<string>PBXShellScriptBuildPhase</string>
			<key>name</key>
			<string>Copy Pods Resources</string>
			<key>outputPaths</key>
			<array/>
			<key>runOnlyForDeploymentPostprocessing</key>
			<string>0</string>
			<key>shellPath</key>
			<string>/bin/sh</string>
			<key>shellScript</key>
			<string>"${SRCROOT}/Pods/Pods-resources.sh"
</string>
			<key>showEnvVarsInLog</key>
			<string>0</string>
		</dict>
		<key>C1DBBCD418A6BFEF007BF4CE</key>
		<dict>
			<key>children</key>
			<array>
				<string>C1DBBCE818A6BFEF007BF4CE</string>
				<string>C1DBBD0518A6BFEF007BF4CE</string>
				<string>C1DBBCDF18A6BFEF007BF4CE</string>
				<string>C1DBBCDE18A6BFEF007BF4CE</string>
				<string>401F71447EDE497DABE6D499</string>
			</array>
			<key>isa</key>
			<string>PBXGroup</string>
			<key>sourceTree</key>
			<string>&lt;group&gt;</string>
		</dict>
		<key>C1DBBCD518A6BFEF007BF4CE</key>
		<dict>
			<key>attributes</key>
			<dict>
				<key>CLASSPREFIX</key>
				<string>DNW</string>
				<key>LastUpgradeCheck</key>
				<string>0500</string>
				<key>ORGANIZATIONNAME</key>
				<string>deanware</string>
				<key>TargetAttributes</key>
				<dict>
					<key>C1DBBCFC18A6BFEF007BF4CE</key>
					<dict>
						<key>TestTargetID</key>
						<string>C1DBBCDC18A6BFEF007BF4CE</string>
					</dict>
				</dict>
			</dict>
			<key>buildConfigurationList</key>
			<string>C1DBBCD818A6BFEF007BF4CE</string>
			<key>compatibilityVersion</key>
			<string>Xcode 3.2</string>
			<key>developmentRegion</key>
			<string>English</string>
			<key>hasScannedForEncodings</key>
			<string>0</string>
			<key>isa</key>
			<string>PBXProject</string>
			<key>knownRegions</key>
			<array>
				<string>en</string>
			</array>
			<key>mainGroup</key>
			<string>C1DBBCD418A6BFEF007BF4CE</string>
			<key>productRefGroup</key>
			<string>C1DBBCDE18A6BFEF007BF4CE</string>
			<key>projectDirPath</key>
			<string></string>
			<key>projectReferences</key>
			<array/>
			<key>projectRoot</key>
			<string></string>
			<key>targets</key>
			<array>
				<string>C1DBBCDC18A6BFEF007BF4CE</string>
				<string>C1DBBCFC18A6BFEF007BF4CE</string>
			</array>
		</dict>
		<key>C1DBBCD818A6BFEF007BF4CE</key>
		<dict>
			<key>buildConfigurations</key>
			<array>
				<string>C1DBBD0D18A6BFEF007BF4CE</string>
				<string>C1DBBD0E18A6BFEF007BF4CE</string>
			</array>
			<key>defaultConfigurationIsVisible</key>
			<string>0</string>
			<key>defaultConfigurationName</key>
			<string>Release</string>
			<key>isa</key>
			<string>XCConfigurationList</string>
		</dict>
		<key>C1DBBCD918A6BFEF007BF4CE</key>
		<dict>
			<key>buildActionMask</key>
			<string>2147483647</string>
			<key>files</key>
			<array>
				<string>C1DBBCF618A6BFEF007BF4CE</string>
				<string>C1DBBCF318A6BFEF007BF4CE</string>
				<string>C1DBBCEF18A6BFEF007BF4CE</string>
			</array>
			<key>isa</key>
			<string>PBXSourcesBuildPhase</string>
			<key>runOnlyForDeploymentPostprocessing</key>
			<string>0</string>
		</dict>
		<key>C1DBBCDA18A6BFEF007BF4CE</key>
		<dict>
			<key>buildActionMask</key>
			<string>2147483647</string>
			<key>files</key>
			<array>
				<string>C1DBBCE318A6BFEF007BF4CE</string>
				<string>C1DBBCE718A6BFEF007BF4CE</string>
				<string>C1DBBCE518A6BFEF007BF4CE</string>
				<string>C1DBBCE118A6BFEF007BF4CE</string>
				<string>22EA2F45EE8F4BFE9D9AE4DF</string>
			</array>
			<key>isa</key>
			<string>PBXFrameworksBuildPhase</string>
			<key>runOnlyForDeploymentPostprocessing</key>
			<string>0</string>
		</dict>
		<key>C1DBBCDB18A6BFEF007BF4CE</key>
		<dict>
			<key>buildActionMask</key>
			<string>2147483647</string>
			<key>files</key>
			<array>
				<string>C1DBBCED18A6BFEF007BF4CE</string>
				<string>C1DBBCF818A6BFEF007BF4CE</string>
			</array>
			<key>isa</key>
			<string>PBXResourcesBuildPhase</string>
			<key>runOnlyForDeploymentPostprocessing</key>
			<string>0</string>
		</dict>
		<key>C1DBBCDC18A6BFEF007BF4CE</key>
		<dict>
			<key>buildConfigurationList</key>
			<string>C1DBBD0F18A6BFEF007BF4CE</string>
			<key>buildPhases</key>
			<array>
				<string>31CAA7E591C940559339E88B</string>
				<string>C1DBBCD918A6BFEF007BF4CE</string>
				<string>C1DBBCDA18A6BFEF007BF4CE</string>
				<string>C1DBBCDB18A6BFEF007BF4CE</string>
				<string>AA2204BE68BD49A1BEF1E3BC</string>
			</array>
			<key>buildRules</key>
			<array/>
			<key>dependencies</key>
			<array/>
			<key>isa</key>
			<string>PBXNativeTarget</string>
			<key>name</key>
			<string>Photix</string>
			<key>productName</key>
			<string>Photix</string>
			<key>productReference</key>
			<string>C1DBBCDD18A6BFEF007BF4CE</string>
			<key>productType</key>
			<string>com.apple.product-type.application</string>
		</dict>
		<key>C1DBBCDD18A6BFEF007BF4CE</key>
		<dict>
			<key>explicitFileType</key>
			<string>wrapper.application</string>
			<key>includeInIndex</key>
			<string>0</string>
			<key>isa</key>
			<string>PBXFileReference</string>
			<key>path</key>
			<string>Photix.app</string>
			<key>sourceTree</key>
			<string>BUILT_PRODUCTS_DIR</string>
		</dict>
		<key>C1DBBCDE18A6BFEF007BF4CE</key>
		<dict>
			<key>children</key>
			<array>
				<string>C1DBBCDD18A6BFEF007BF4CE</string>
				<string>C1DBBCFD18A6BFEF007BF4CE</string>
			</array>
			<key>isa</key>
			<string>PBXGroup</string>
			<key>name</key>
			<string>Products</string>
			<key>sourceTree</key>
			<string>&lt;group&gt;</string>
		</dict>
		<key>C1DBBCDF18A6BFEF007BF4CE</key>
		<dict>
			<key>children</key>
			<array>
				<string>C1DBBCE018A6BFEF007BF4CE</string>
				<string>C1DBBCE218A6BFEF007BF4CE</string>
				<string>C1DBBCE418A6BFEF007BF4CE</string>
				<string>C1DBBCE618A6BFEF007BF4CE</string>
				<string>C1DBBCFE18A6BFEF007BF4CE</string>
				<string>EF75F98384E448F887006AB5</string>
			</array>
			<key>isa</key>
			<string>PBXGroup</string>
			<key>name</key>
			<string>Frameworks</string>
			<key>sourceTree</key>
			<string>&lt;group&gt;</string>
		</dict>
		<key>C1DBBCE018A6BFEF007BF4CE</key>
		<dict>
			<key>isa</key>
			<string>PBXFileReference</string>
			<key>lastKnownFileType</key>
			<string>wrapper.framework</string>
			<key>name</key>
			<string>Foundation.framework</string>
			<key>path</key>
			<string>System/Library/Frameworks/Foundation.framework</string>
			<key>sourceTree</key>
			<string>SDKROOT</string>
		</dict>
		<key>C1DBBCE118A6BFEF007BF4CE</key>
		<dict>
			<key>fileRef</key>
			<string>C1DBBCE018A6BFEF007BF4CE</string>
			<key>isa</key>
			<string>PBXBuildFile</string>
		</dict>
		<key>C1DBBCE218A6BFEF007BF4CE</key>
		<dict>
			<key>isa</key>
			<string>PBXFileReference</string>
			<key>lastKnownFileType</key>
			<string>wrapper.framework</string>
			<key>name</key>
			<string>CoreGraphics.framework</string>
			<key>path</key>
			<string>System/Library/Frameworks/CoreGraphics.framework</string>
			<key>sourceTree</key>
			<string>SDKROOT</string>
		</dict>
		<key>C1DBBCE318A6BFEF007BF4CE</key>
		<dict>
			<key>fileRef</key>
			<string>C1DBBCE218A6BFEF007BF4CE</string>
			<key>isa</key>
			<string>PBXBuildFile</string>
		</dict>
		<key>C1DBBCE418A6BFEF007BF4CE</key>
		<dict>
			<key>isa</key>
			<string>PBXFileReference</string>
			<key>lastKnownFileType</key>
			<string>wrapper.framework</string>
			<key>name</key>
			<string>UIKit.framework</string>
			<key>path</key>
			<string>System/Library/Frameworks/UIKit.framework</string>
			<key>sourceTree</key>
			<string>SDKROOT</string>
		</dict>
		<key>C1DBBCE518A6BFEF007BF4CE</key>
		<dict>
			<key>fileRef</key>
			<string>C1DBBCE418A6BFEF007BF4CE</string>
			<key>isa</key>
			<string>PBXBuildFile</string>
		</dict>
		<key>C1DBBCE618A6BFEF007BF4CE</key>
		<dict>
			<key>isa</key>
			<string>PBXFileReference</string>
			<key>lastKnownFileType</key>
			<string>wrapper.framework</string>
			<key>name</key>
			<string>CoreData.framework</string>
			<key>path</key>
			<string>System/Library/Frameworks/CoreData.framework</string>
			<key>sourceTree</key>
			<string>SDKROOT</string>
		</dict>
		<key>C1DBBCE718A6BFEF007BF4CE</key>
		<dict>
			<key>fileRef</key>
			<string>C1DBBCE618A6BFEF007BF4CE</string>
			<key>isa</key>
			<string>PBXBuildFile</string>
		</dict>
		<key>C1DBBCE818A6BFEF007BF4CE</key>
		<dict>
			<key>children</key>
			<array>
				<string>C1DBBCF118A6BFEF007BF4CE</string>
				<string>C1DBBCF218A6BFEF007BF4CE</string>
				<string>C1DBBCF718A6BFEF007BF4CE</string>
				<string>C1DBBCF418A6BFEF007BF4CE</string>
				<string>C1DBBCE918A6BFEF007BF4CE</string>
			</array>
			<key>isa</key>
			<string>PBXGroup</string>
			<key>path</key>
			<string>Photix</string>
			<key>sourceTree</key>
			<string>&lt;group&gt;</string>
		</dict>
		<key>C1DBBCE918A6BFEF007BF4CE</key>
		<dict>
			<key>children</key>
			<array>
				<string>C1DBBCEA18A6BFEF007BF4CE</string>
				<string>C1DBBCEB18A6BFEF007BF4CE</string>
				<string>C1DBBCEE18A6BFEF007BF4CE</string>
				<string>C1DBBCF018A6BFEF007BF4CE</string>
			</array>
			<key>isa</key>
			<string>PBXGroup</string>
			<key>name</key>
			<string>Supporting Files</string>
			<key>sourceTree</key>
			<string>&lt;group&gt;</string>
		</dict>
		<key>C1DBBCEA18A6BFEF007BF4CE</key>
		<dict>
			<key>isa</key>
			<string>PBXFileReference</string>
			<key>lastKnownFileType</key>
			<string>text.plist.xml</string>
			<key>path</key>
			<string>Photix-Info.plist</string>
			<key>sourceTree</key>
			<string>&lt;group&gt;</string>
		</dict>
		<key>C1DBBCEB18A6BFEF007BF4CE</key>
		<dict>
			<key>children</key>
			<array>
				<string>C1DBBCEC18A6BFEF007BF4CE</string>
			</array>
			<key>isa</key>
			<string>PBXVariantGroup</string>
			<key>name</key>
			<string>InfoPlist.strings</string>
			<key>sourceTree</key>
			<string>&lt;group&gt;</string>
		</dict>
		<key>C1DBBCEC18A6BFEF007BF4CE</key>
		<dict>
			<key>isa</key>
			<string>PBXFileReference</string>
			<key>lastKnownFileType</key>
			<string>text.plist.strings</string>
			<key>name</key>
			<string>en</string>
			<key>path</key>
			<string>en.lproj/InfoPlist.strings</string>
			<key>sourceTree</key>
			<string>&lt;group&gt;</string>
		</dict>
		<key>C1DBBCED18A6BFEF007BF4CE</key>
		<dict>
			<key>fileRef</key>
			<string>C1DBBCEB18A6BFEF007BF4CE</string>
			<key>isa</key>
			<string>PBXBuildFile</string>
		</dict>
		<key>C1DBBCEE18A6BFEF007BF4CE</key>
		<dict>
			<key>isa</key>
			<string>PBXFileReference</string>
			<key>lastKnownFileType</key>
			<string>sourcecode.c.objc</string>
			<key>path</key>
			<string>main.m</string>
			<key>sourceTree</key>
			<string>&lt;group&gt;</string>
		</dict>
		<key>C1DBBCEF18A6BFEF007BF4CE</key>
		<dict>
			<key>fileRef</key>
			<string>C1DBBCEE18A6BFEF007BF4CE</string>
			<key>isa</key>
			<string>PBXBuildFile</string>
		</dict>
		<key>C1DBBCF018A6BFEF007BF4CE</key>
		<dict>
			<key>isa</key>
			<string>PBXFileReference</string>
			<key>lastKnownFileType</key>
			<string>sourcecode.c.h</string>
			<key>path</key>
			<string>Photix-Prefix.pch</string>
			<key>sourceTree</key>
			<string>&lt;group&gt;</string>
		</dict>
		<key>C1DBBCF118A6BFEF007BF4CE</key>
		<dict>
			<key>isa</key>
			<string>PBXFileReference</string>
			<key>lastKnownFileType</key>
			<string>sourcecode.c.h</string>
			<key>path</key>
			<string>DNWAppDelegate.h</string>
			<key>sourceTree</key>
			<string>&lt;group&gt;</string>
		</dict>
		<key>C1DBBCF218A6BFEF007BF4CE</key>
		<dict>
			<key>isa</key>
			<string>PBXFileReference</string>
			<key>lastKnownFileType</key>
			<string>sourcecode.c.objc</string>
			<key>path</key>
			<string>DNWAppDelegate.m</string>
			<key>sourceTree</key>
			<string>&lt;group&gt;</string>
		</dict>
		<key>C1DBBCF318A6BFEF007BF4CE</key>
		<dict>
			<key>fileRef</key>
			<string>C1DBBCF218A6BFEF007BF4CE</string>
			<key>isa</key>
			<string>PBXBuildFile</string>
		</dict>
		<key>C1DBBCF418A6BFEF007BF4CE</key>
		<dict>
			<key>children</key>
			<array>
				<string>C1DBBCF518A6BFEF007BF4CE</string>
			</array>
			<key>currentVersion</key>
			<string>C1DBBCF518A6BFEF007BF4CE</string>
			<key>isa</key>
			<string>XCVersionGroup</string>
			<key>path</key>
			<string>Photix.xcdatamodeld</string>
			<key>sourceTree</key>
			<string>&lt;group&gt;</string>
			<key>versionGroupType</key>
			<string>wrapper.xcdatamodel</string>
		</dict>
		<key>C1DBBCF518A6BFEF007BF4CE</key>
		<dict>
			<key>isa</key>
			<string>PBXFileReference</string>
			<key>lastKnownFileType</key>
			<string>wrapper.xcdatamodel</string>
			<key>path</key>
			<string>Photix.xcdatamodel</string>
			<key>sourceTree</key>
			<string>&lt;group&gt;</string>
		</dict>
		<key>C1DBBCF618A6BFEF007BF4CE</key>
		<dict>
			<key>fileRef</key>
			<string>C1DBBCF418A6BFEF007BF4CE</string>
			<key>isa</key>
			<string>PBXBuildFile</string>
		</dict>
		<key>C1DBBCF718A6BFEF007BF4CE</key>
		<dict>
			<key>isa</key>
			<string>PBXFileReference</string>
			<key>lastKnownFileType</key>
			<string>folder.assetcatalog</string>
			<key>path</key>
			<string>Images.xcassets</string>
			<key>sourceTree</key>
			<string>&lt;group&gt;</string>
		</dict>
		<key>C1DBBCF818A6BFEF007BF4CE</key>
		<dict>
			<key>fileRef</key>
			<string>C1DBBCF718A6BFEF007BF4CE</string>
			<key>isa</key>
			<string>PBXBuildFile</string>
		</dict>
		<key>C1DBBCF918A6BFEF007BF4CE</key>
		<dict>
			<key>buildActionMask</key>
			<string>2147483647</string>
			<key>files</key>
			<array>
				<string>C1DBBD0C18A6BFEF007BF4CE</string>
			</array>
			<key>isa</key>
			<string>PBXSourcesBuildPhase</string>
			<key>runOnlyForDeploymentPostprocessing</key>
			<string>0</string>
		</dict>
		<key>C1DBBCFA18A6BFEF007BF4CE</key>
		<dict>
			<key>buildActionMask</key>
			<string>2147483647</string>
			<key>files</key>
			<array>
				<string>C1DBBCFF18A6BFEF007BF4CE</string>
				<string>C1DBBD0218A6BFEF007BF4CE</string>
				<string>C1DBBD0118A6BFEF007BF4CE</string>
				<string>C1DBBD0018A6BFEF007BF4CE</string>
			</array>
			<key>isa</key>
			<string>PBXFrameworksBuildPhase</string>
			<key>runOnlyForDeploymentPostprocessing</key>
			<string>0</string>
		</dict>
		<key>C1DBBCFB18A6BFEF007BF4CE</key>
		<dict>
			<key>buildActionMask</key>
			<string>2147483647</string>
			<key>files</key>
			<array>
				<string>C1DBBD0A18A6BFEF007BF4CE</string>
			</array>
			<key>isa</key>
			<string>PBXResourcesBuildPhase</string>
			<key>runOnlyForDeploymentPostprocessing</key>
			<string>0</string>
		</dict>
		<key>C1DBBCFC18A6BFEF007BF4CE</key>
		<dict>
			<key>buildConfigurationList</key>
			<string>C1DBBD1218A6BFEF007BF4CE</string>
			<key>buildPhases</key>
			<array>
				<string>C1DBBCF918A6BFEF007BF4CE</string>
				<string>C1DBBCFA18A6BFEF007BF4CE</string>
				<string>C1DBBCFB18A6BFEF007BF4CE</string>
			</array>
			<key>buildRules</key>
			<array/>
			<key>dependencies</key>
			<array>
				<string>C1DBBD0418A6BFEF007BF4CE</string>
			</array>
			<key>isa</key>
			<string>PBXNativeTarget</string>
			<key>name</key>
			<string>PhotixTests</string>
			<key>productName</key>
			<string>PhotixTests</string>
			<key>productReference</key>
			<string>C1DBBCFD18A6BFEF007BF4CE</string>
			<key>productType</key>
			<string>com.apple.product-type.bundle.unit-test</string>
		</dict>
		<key>C1DBBCFD18A6BFEF007BF4CE</key>
		<dict>
			<key>explicitFileType</key>
			<string>wrapper.cfbundle</string>
			<key>includeInIndex</key>
			<string>0</string>
			<key>isa</key>
			<string>PBXFileReference</string>
			<key>path</key>
			<string>PhotixTests.xctest</string>
			<key>sourceTree</key>
			<string>BUILT_PRODUCTS_DIR</string>
		</dict>
		<key>C1DBBCFE18A6BFEF007BF4CE</key>
		<dict>
			<key>isa</key>
			<string>PBXFileReference</string>
			<key>lastKnownFileType</key>
			<string>wrapper.framework</string>
			<key>name</key>
			<string>XCTest.framework</string>
			<key>path</key>
			<string>Library/Frameworks/XCTest.framework</string>
			<key>sourceTree</key>
			<string>DEVELOPER_DIR</string>
		</dict>
		<key>C1DBBCFF18A6BFEF007BF4CE</key>
		<dict>
			<key>fileRef</key>
			<string>C1DBBCFE18A6BFEF007BF4CE</string>
			<key>isa</key>
			<string>PBXBuildFile</string>
		</dict>
		<key>C1DBBD0018A6BFEF007BF4CE</key>
		<dict>
			<key>fileRef</key>
			<string>C1DBBCE018A6BFEF007BF4CE</string>
			<key>isa</key>
			<string>PBXBuildFile</string>
		</dict>
		<key>C1DBBD0118A6BFEF007BF4CE</key>
		<dict>
			<key>fileRef</key>
			<string>C1DBBCE418A6BFEF007BF4CE</string>
			<key>isa</key>
			<string>PBXBuildFile</string>
		</dict>
		<key>C1DBBD0218A6BFEF007BF4CE</key>
		<dict>
			<key>fileRef</key>
			<string>C1DBBCE618A6BFEF007BF4CE</string>
			<key>isa</key>
			<string>PBXBuildFile</string>
		</dict>
		<key>C1DBBD0318A6BFEF007BF4CE</key>
		<dict>
			<key>containerPortal</key>
			<string>C1DBBCD518A6BFEF007BF4CE</string>
			<key>isa</key>
			<string>PBXContainerItemProxy</string>
			<key>proxyType</key>
			<string>1</string>
			<key>remoteGlobalIDString</key>
			<string>C1DBBCDC18A6BFEF007BF4CE</string>
			<key>remoteInfo</key>
			<string>Photix</string>
		</dict>
		<key>C1DBBD0418A6BFEF007BF4CE</key>
		<dict>
			<key>isa</key>
			<string>PBXTargetDependency</string>
			<key>target</key>
			<string>C1DBBCDC18A6BFEF007BF4CE</string>
			<key>targetProxy</key>
			<string>C1DBBD0318A6BFEF007BF4CE</string>
		</dict>
		<key>C1DBBD0518A6BFEF007BF4CE</key>
		<dict>
			<key>children</key>
			<array>
				<string>C1DBBD0B18A6BFEF007BF4CE</string>
				<string>C1DBBD0618A6BFEF007BF4CE</string>
			</array>
			<key>isa</key>
			<string>PBXGroup</string>
			<key>path</key>
			<string>PhotixTests</string>
			<key>sourceTree</key>
			<string>&lt;group&gt;</string>
		</dict>
		<key>C1DBBD0618A6BFEF007BF4CE</key>
		<dict>
			<key>children</key>
			<array>
				<string>C1DBBD0718A6BFEF007BF4CE</string>
				<string>C1DBBD0818A6BFEF007BF4CE</string>
			</array>
			<key>isa</key>
			<string>PBXGroup</string>
			<key>name</key>
			<string>Supporting Files</string>
			<key>sourceTree</key>
			<string>&lt;group&gt;</string>
		</dict>
		<key>C1DBBD0718A6BFEF007BF4CE</key>
		<dict>
			<key>isa</key>
			<string>PBXFileReference</string>
			<key>lastKnownFileType</key>
			<string>text.plist.xml</string>
			<key>path</key>
			<string>PhotixTests-Info.plist</string>
			<key>sourceTree</key>
			<string>&lt;group&gt;</string>
		</dict>
		<key>C1DBBD0818A6BFEF007BF4CE</key>
		<dict>
			<key>children</key>
			<array>
				<string>C1DBBD0918A6BFEF007BF4CE</string>
			</array>
			<key>isa</key>
			<string>PBXVariantGroup</string>
			<key>name</key>
			<string>InfoPlist.strings</string>
			<key>sourceTree</key>
			<string>&lt;group&gt;</string>
		</dict>
		<key>C1DBBD0918A6BFEF007BF4CE</key>
		<dict>
			<key>isa</key>
			<string>PBXFileReference</string>
			<key>lastKnownFileType</key>
			<string>text.plist.strings</string>
			<key>name</key>
			<string>en</string>
			<key>path</key>
			<string>en.lproj/InfoPlist.strings</string>
			<key>sourceTree</key>
			<string>&lt;group&gt;</string>
		</dict>
		<key>C1DBBD0A18A6BFEF007BF4CE</key>
		<dict>
			<key>fileRef</key>
			<string>C1DBBD0818A6BFEF007BF4CE</string>
			<key>isa</key>
			<string>PBXBuildFile</string>
		</dict>
		<key>C1DBBD0B18A6BFEF007BF4CE</key>
		<dict>
			<key>isa</key>
			<string>PBXFileReference</string>
			<key>lastKnownFileType</key>
			<string>sourcecode.c.objc</string>
			<key>path</key>
			<string>PhotixTests.m</string>
			<key>sourceTree</key>
			<string>&lt;group&gt;</string>
		</dict>
		<key>C1DBBD0C18A6BFEF007BF4CE</key>
		<dict>
			<key>fileRef</key>
			<string>C1DBBD0B18A6BFEF007BF4CE</string>
			<key>isa</key>
			<string>PBXBuildFile</string>
		</dict>
		<key>C1DBBD0D18A6BFEF007BF4CE</key>
		<dict>
			<key>buildSettings</key>
			<dict>
				<key>ALWAYS_SEARCH_USER_PATHS</key>
				<string>NO</string>
				<key>ARCHS</key>
				<string>$(ARCHS_STANDARD_INCLUDING_64_BIT)</string>
				<key>CLANG_CXX_LANGUAGE_STANDARD</key>
				<string>gnu++0x</string>
				<key>CLANG_CXX_LIBRARY</key>
				<string>libc++</string>
				<key>CLANG_ENABLE_MODULES</key>
				<string>YES</string>
				<key>CLANG_ENABLE_OBJC_ARC</key>
				<string>YES</string>
				<key>CLANG_WARN_BOOL_CONVERSION</key>
				<string>YES</string>
				<key>CLANG_WARN_CONSTANT_CONVERSION</key>
				<string>YES</string>
				<key>CLANG_WARN_DIRECT_OBJC_ISA_USAGE</key>
				<string>YES_ERROR</string>
				<key>CLANG_WARN_EMPTY_BODY</key>
				<string>YES</string>
				<key>CLANG_WARN_ENUM_CONVERSION</key>
				<string>YES</string>
				<key>CLANG_WARN_INT_CONVERSION</key>
				<string>YES</string>
				<key>CLANG_WARN_OBJC_ROOT_CLASS</key>
				<string>YES_ERROR</string>
				<key>CLANG_WARN__DUPLICATE_METHOD_MATCH</key>
				<string>YES</string>
				<key>CODE_SIGN_IDENTITY[sdk=iphoneos*]</key>
				<string>iPhone Developer</string>
				<key>COPY_PHASE_STRIP</key>
				<string>NO</string>
				<key>GCC_C_LANGUAGE_STANDARD</key>
				<string>gnu99</string>
				<key>GCC_DYNAMIC_NO_PIC</key>
				<string>NO</string>
				<key>GCC_OPTIMIZATION_LEVEL</key>
				<string>0</string>
				<key>GCC_PREPROCESSOR_DEFINITIONS</key>
				<array>
					<string>DEBUG=1</string>
					<string>$(inherited)</string>
				</array>
				<key>GCC_SYMBOLS_PRIVATE_EXTERN</key>
				<string>NO</string>
				<key>GCC_WARN_64_TO_32_BIT_CONVERSION</key>
				<string>YES</string>
				<key>GCC_WARN_ABOUT_RETURN_TYPE</key>
				<string>YES_ERROR</string>
				<key>GCC_WARN_UNDECLARED_SELECTOR</key>
				<string>YES</string>
				<key>GCC_WARN_UNINITIALIZED_AUTOS</key>
				<string>YES</string>
				<key>GCC_WARN_UNUSED_FUNCTION</key>
				<string>YES</string>
				<key>GCC_WARN_UNUSED_VARIABLE</key>
				<string>YES</string>
				<key>IPHONEOS_DEPLOYMENT_TARGET</key>
				<string>7.0</string>
				<key>ONLY_ACTIVE_ARCH</key>
				<string>YES</string>
				<key>SDKROOT</key>
				<string>iphoneos</string>
				<key>TARGETED_DEVICE_FAMILY</key>
				<string>1,2</string>
			</dict>
			<key>isa</key>
			<string>XCBuildConfiguration</string>
			<key>name</key>
			<string>Debug</string>
		</dict>
		<key>C1DBBD0E18A6BFEF007BF4CE</key>
		<dict>
			<key>buildSettings</key>
			<dict>
				<key>ALWAYS_SEARCH_USER_PATHS</key>
				<string>NO</string>
				<key>ARCHS</key>
				<string>$(ARCHS_STANDARD_INCLUDING_64_BIT)</string>
				<key>CLANG_CXX_LANGUAGE_STANDARD</key>
				<string>gnu++0x</string>
				<key>CLANG_CXX_LIBRARY</key>
				<string>libc++</string>
				<key>CLANG_ENABLE_MODULES</key>
				<string>YES</string>
				<key>CLANG_ENABLE_OBJC_ARC</key>
				<string>YES</string>
				<key>CLANG_WARN_BOOL_CONVERSION</key>
				<string>YES</string>
				<key>CLANG_WARN_CONSTANT_CONVERSION</key>
				<string>YES</string>
				<key>CLANG_WARN_DIRECT_OBJC_ISA_USAGE</key>
				<string>YES_ERROR</string>
				<key>CLANG_WARN_EMPTY_BODY</key>
				<string>YES</string>
				<key>CLANG_WARN_ENUM_CONVERSION</key>
				<string>YES</string>
				<key>CLANG_WARN_INT_CONVERSION</key>
				<string>YES</string>
				<key>CLANG_WARN_OBJC_ROOT_CLASS</key>
				<string>YES_ERROR</string>
				<key>CLANG_WARN__DUPLICATE_METHOD_MATCH</key>
				<string>YES</string>
				<key>CODE_SIGN_IDENTITY[sdk=iphoneos*]</key>
				<string>iPhone Developer</string>
				<key>COPY_PHASE_STRIP</key>
				<string>YES</string>
				<key>ENABLE_NS_ASSERTIONS</key>
				<string>NO</string>
				<key>GCC_C_LANGUAGE_STANDARD</key>
				<string>gnu99</string>
				<key>GCC_WARN_64_TO_32_BIT_CONVERSION</key>
				<string>YES</string>
				<key>GCC_WARN_ABOUT_RETURN_TYPE</key>
				<string>YES_ERROR</string>
				<key>GCC_WARN_UNDECLARED_SELECTOR</key>
				<string>YES</string>
				<key>GCC_WARN_UNINITIALIZED_AUTOS</key>
				<string>YES</string>
				<key>GCC_WARN_UNUSED_FUNCTION</key>
				<string>YES</string>
				<key>GCC_WARN_UNUSED_VARIABLE</key>
				<string>YES</string>
				<key>IPHONEOS_DEPLOYMENT_TARGET</key>
				<string>7.0</string>
				<key>SDKROOT</key>
				<string>iphoneos</string>
				<key>TARGETED_DEVICE_FAMILY</key>
				<string>1,2</string>
				<key>VALIDATE_PRODUCT</key>
				<string>YES</string>
			</dict>
			<key>isa</key>
			<string>XCBuildConfiguration</string>
			<key>name</key>
			<string>Release</string>
		</dict>
		<key>C1DBBD0F18A6BFEF007BF4CE</key>
		<dict>
			<key>buildConfigurations</key>
			<array>
				<string>C1DBBD1018A6BFEF007BF4CE</string>
				<string>C1DBBD1118A6BFEF007BF4CE</string>
			</array>
			<key>defaultConfigurationIsVisible</key>
			<string>0</string>
			<key>isa</key>
			<string>XCConfigurationList</string>
		</dict>
		<key>C1DBBD1018A6BFEF007BF4CE</key>
		<dict>
			<key>baseConfigurationReference</key>
			<string>401F71447EDE497DABE6D499</string>
			<key>buildSettings</key>
			<dict>
				<key>ASSETCATALOG_COMPILER_APPICON_NAME</key>
				<string>AppIcon</string>
				<key>ASSETCATALOG_COMPILER_LAUNCHIMAGE_NAME</key>
				<string>LaunchImage</string>
				<key>GCC_PRECOMPILE_PREFIX_HEADER</key>
				<string>YES</string>
				<key>GCC_PREFIX_HEADER</key>
				<string>Photix/Photix-Prefix.pch</string>
				<key>INFOPLIST_FILE</key>
				<string>Photix/Photix-Info.plist</string>
				<key>PRODUCT_NAME</key>
				<string>$(TARGET_NAME)</string>
				<key>WRAPPER_EXTENSION</key>
				<string>app</string>
			</dict>
			<key>isa</key>
			<string>XCBuildConfiguration</string>
			<key>name</key>
			<string>Debug</string>
		</dict>
		<key>C1DBBD1118A6BFEF007BF4CE</key>
		<dict>
			<key>baseConfigurationReference</key>
			<string>401F71447EDE497DABE6D499</string>
			<key>buildSettings</key>
			<dict>
				<key>ASSETCATALOG_COMPILER_APPICON_NAME</key>
				<string>AppIcon</string>
				<key>ASSETCATALOG_COMPILER_LAUNCHIMAGE_NAME</key>
				<string>LaunchImage</string>
				<key>GCC_PRECOMPILE_PREFIX_HEADER</key>
				<string>YES</string>
				<key>GCC_PREFIX_HEADER</key>
				<string>Photix/Photix-Prefix.pch</string>
				<key>INFOPLIST_FILE</key>
				<string>Photix/Photix-Info.plist</string>
				<key>PRODUCT_NAME</key>
				<string>$(TARGET_NAME)</string>
				<key>WRAPPER_EXTENSION</key>
				<string>app</string>
			</dict>
			<key>isa</key>
			<string>XCBuildConfiguration</string>
			<key>name</key>
			<string>Release</string>
		</dict>
		<key>C1DBBD1218A6BFEF007BF4CE</key>
		<dict>
			<key>buildConfigurations</key>
			<array>
				<string>C1DBBD1318A6BFEF007BF4CE</string>
				<string>C1DBBD1418A6BFEF007BF4CE</string>
			</array>
			<key>defaultConfigurationIsVisible</key>
			<string>0</string>
			<key>isa</key>
			<string>XCConfigurationList</string>
		</dict>
		<key>C1DBBD1318A6BFEF007BF4CE</key>
		<dict>
			<key>buildSettings</key>
			<dict>
				<key>ARCHS</key>
				<string>$(ARCHS_STANDARD_INCLUDING_64_BIT)</string>
				<key>BUNDLE_LOADER</key>
				<string>$(BUILT_PRODUCTS_DIR)/Photix.app/Photix</string>
				<key>FRAMEWORK_SEARCH_PATHS</key>
				<array>
					<string>$(SDKROOT)/Developer/Library/Frameworks</string>
					<string>$(inherited)</string>
					<string>$(DEVELOPER_FRAMEWORKS_DIR)</string>
				</array>
				<key>GCC_PRECOMPILE_PREFIX_HEADER</key>
				<string>YES</string>
				<key>GCC_PREFIX_HEADER</key>
				<string>Photix/Photix-Prefix.pch</string>
				<key>GCC_PREPROCESSOR_DEFINITIONS</key>
				<array>
					<string>DEBUG=1</string>
					<string>$(inherited)</string>
				</array>
				<key>INFOPLIST_FILE</key>
				<string>PhotixTests/PhotixTests-Info.plist</string>
				<key>PRODUCT_NAME</key>
				<string>$(TARGET_NAME)</string>
				<key>TEST_HOST</key>
				<string>$(BUNDLE_LOADER)</string>
				<key>WRAPPER_EXTENSION</key>
				<string>xctest</string>
			</dict>
			<key>isa</key>
			<string>XCBuildConfiguration</string>
			<key>name</key>
			<string>Debug</string>
		</dict>
		<key>C1DBBD1418A6BFEF007BF4CE</key>
		<dict>
			<key>buildSettings</key>
			<dict>
				<key>ARCHS</key>
				<string>$(ARCHS_STANDARD_INCLUDING_64_BIT)</string>
				<key>BUNDLE_LOADER</key>
				<string>$(BUILT_PRODUCTS_DIR)/Photix.app/Photix</string>
				<key>FRAMEWORK_SEARCH_PATHS</key>
				<array>
					<string>$(SDKROOT)/Developer/Library/Frameworks</string>
					<string>$(inherited)</string>
					<string>$(DEVELOPER_FRAMEWORKS_DIR)</string>
				</array>
				<key>GCC_PRECOMPILE_PREFIX_HEADER</key>
				<string>YES</string>
				<key>GCC_PREFIX_HEADER</key>
				<string>Photix/Photix-Prefix.pch</string>
				<key>INFOPLIST_FILE</key>
				<string>PhotixTests/PhotixTests-Info.plist</string>
				<key>PRODUCT_NAME</key>
				<string>$(TARGET_NAME)</string>
				<key>TEST_HOST</key>
				<string>$(BUNDLE_LOADER)</string>
				<key>WRAPPER_EXTENSION</key>
				<string>xctest</string>
			</dict>
			<key>isa</key>
			<string>XCBuildConfiguration</string>
			<key>name</key>
			<string>Release</string>
		</dict>
		<key>EF75F98384E448F887006AB5</key>
		<dict>
			<key>explicitFileType</key>
			<string>archive.ar</string>
			<key>includeInIndex</key>
			<string>0</string>
			<key>isa</key>
			<string>PBXFileReference</string>
			<key>path</key>
			<string>libPods.a</string>
			<key>sourceTree</key>
			<string>BUILT_PRODUCTS_DIR</string>
		</dict>
	</dict>
	<key>rootObject</key>
	<string>C1DBBCD518A6BFEF007BF4CE</string>
</dict>
</plist>
