PODS:
  - Google-Mobile-Ads-SDK (7.33.1)

DEPENDENCIES:
  - Google-Mobile-Ads-SDK

SPEC REPOS:
  https://github.com/CocoaPods/Specs.git:
    - Google-Mobile-Ads-SDK

SPEC CHECKSUMS:
  Google-Mobile-Ads-SDK: 71c6d3e8d8f52673fa5a83fc0d027623b11fde16

PODFILE CHECKSUM: ebc2a17321d41f9e1014fa1465387ac7ba1e9618

COCOAPODS: 1.5.0
